{
  "name": "@ironfish/bfilter",
  "version": "0.0.0",
  "lockfileVersion": 2,
  "requires": true,
  "packages": {
    "": {
      "name": "@ironfish/bfilter",
      "version": "0.0.0",
      "license": "MIT",
      "dependencies": {
        "bsert": "git+https://github.com/chjj/bsert.git#semver:~0.0.10",
        "bufio": "git+https://github.com/bcoin-org/bufio.git#semver:~1.0.6",
        "imurmurhash": "0.1.4",
        "loady": "git+https://github.com/chjj/loady.git#semver:~0.0.1"
      },
      "devDependencies": {
        "bmocha": "git+https://github.com/bcoin-org/bmocha.git#semver:^2.1.2"
      },
      "engines": {
        "node": ">=8.0.0"
      }
    },
    "node_modules/bmocha": {
      "version": "2.1.5",
      "resolved": "git+ssh://git@github.com/bcoin-org/bmocha.git#4ec0e4fd990871105fc2f0da55cf809276bc49bf",
      "integrity": "sha512-c7LJkRqa5UIrOnsfxCrUSrQr9uU/IrMHzygTi+qwpo1Lr8KsPJW7013CyfbsUh+XtQyZ5H4J+ymr8nIT5vOw3g==",
      "dev": true,
      "license": "MIT",
      "bin": {
        "_bmocha": "bin/_bmocha",
        "bmocha": "bin/bmocha"
      },
      "engines": {
        "node": ">=8.0.0"
      }
    },
    "node_modules/bsert": {
      "version": "0.0.10",
      "resolved": "git+ssh://git@github.com/chjj/bsert.git#bd09d49eab8644bca08ae8259a3d8756e7d453fc",
      "integrity": "sha512-+MsXcRkniN3tZecfpMbOhMidIlGP6m1VzNWxOIRh9njHcXupRD8zObn6GniCMnn5KMBIw6cy/GPPgItbiWO/Yg==",
      "license": "MIT",
      "engines": {
        "node": ">=8.0.0"
      }
    },
    "node_modules/bufio": {
      "version": "1.0.7",
      "resolved": "git+ssh://git@github.com/bcoin-org/bufio.git#91ae6c93899ff9fad7d7cee9afd2a1c4933ca984",
      "integrity": "sha512-5NPJxx37TXfJi7EHwVBuwWjYvfKshZ/eHLtldgsUIG0gKwtDMYZv3V7WdbFxOO060iBabz551VPZe23Pdo0fQw==",
      "license": "MIT",
      "engines": {
        "node": ">=8.0.0"
      }
    },
    "node_modules/imurmurhash": {
      "version": "0.1.4",
      "resolved": "https://registry.npmjs.org/imurmurhash/-/imurmurhash-0.1.4.tgz",
      "integrity": "sha512-JmXMZ6wuvDmLiHEml9ykzqO6lwFbof0GG4IkcGaENdCRDDmMVnny7s5HsIgHCbaq0w2MyPhDqkhTUgS2LU2PHA==",
      "engines": {
        "node": ">=0.8.19"
      }
    },
    "node_modules/loady": {
      "version": "0.0.5",
      "resolved": "git+ssh://git@github.com/chjj/loady.git#b94958b7ee061518f4b85ea6da380e7ee93222d5",
      "integrity": "sha512-0tgvDe86rMAPgfAGDuBGimR6A5fa3GnBvG0A14TKl57+Qwqf5ocNb+XB0owy4R0yU1XicvSf1KejaeDOd+4+NQ==",
      "license": "MIT",
      "engines": {
        "node": ">=8.0.0"
      }
    }
  },
  "dependencies": {
    "bmocha": {
      "version": "git+ssh://git@github.com/bcoin-org/bmocha.git#4ec0e4fd990871105fc2f0da55cf809276bc49bf",
      "integrity": "sha512-c7LJkRqa5UIrOnsfxCrUSrQr9uU/IrMHzygTi+qwpo1Lr8KsPJW7013CyfbsUh+XtQyZ5H4J+ymr8nIT5vOw3g==",
      "dev": true,
      "from": "bmocha@git+https://github.com/bcoin-org/bmocha.git#semver:^2.1.2"
    },
    "bsert": {
      "version": "git+ssh://git@github.com/chjj/bsert.git#bd09d49eab8644bca08ae8259a3d8756e7d453fc",
      "integrity": "sha512-+MsXcRkniN3tZecfpMbOhMidIlGP6m1VzNWxOIRh9njHcXupRD8zObn6GniCMnn5KMBIw6cy/GPPgItbiWO/Yg==",
      "from": "bsert@git+https://github.com/chjj/bsert.git#semver:~0.0.10"
    },
    "bufio": {
      "version": "git+ssh://git@github.com/bcoin-org/bufio.git#91ae6c93899ff9fad7d7cee9afd2a1c4933ca984",
      "integrity": "sha512-5NPJxx37TXfJi7EHwVBuwWjYvfKshZ/eHLtldgsUIG0gKwtDMYZv3V7WdbFxOO060iBabz551VPZe23Pdo0fQw==",
      "from": "bufio@git+https://github.com/bcoin-org/bufio.git#semver:~1.0.6"
    },
    "imurmurhash": {
      "version": "0.1.4",
      "resolved": "https://registry.npmjs.org/imurmurhash/-/imurmurhash-0.1.4.tgz",
      "integrity": "sha512-JmXMZ6wuvDmLiHEml9ykzqO6lwFbof0GG4IkcGaENdCRDDmMVnny7s5HsIgHCbaq0w2MyPhDqkhTUgS2LU2PHA=="
    },
    "loady": {
      "version": "git+ssh://git@github.com/chjj/loady.git#b94958b7ee061518f4b85ea6da380e7ee93222d5",
      "integrity": "sha512-0tgvDe86rMAPgfAGDuBGimR6A5fa3GnBvG0A14TKl57+Qwqf5ocNb+XB0owy4R0yU1XicvSf1KejaeDOd+4+NQ==",
      "from": "loady@git+https://github.com/chjj/loady.git#semver:~0.0.1"
    }
  }
}
